
Microsoft Visual Studio Solution File, Format Version 12.00
# Visual Studio Version 17
VisualStudioVersion = 17.14.36408.4
MinimumVisualStudioVersion = 10.0.40219.1
Project("{8BC9CEB8-8B4A-11D0-8D11-00A0C91BC942}") = "sccl_d3d9HumanBench", "sccl_d3d9HumanBench\sccl_d3d9HumanBench.vcxproj", "{104D05DC-ABAE-4922-89B9-7EEE8EE10610}"
EndProject
Global
	GlobalSection(SolutionConfigurationPlatforms) = preSolution
		Debug|x64 = Debug|x64
		Debug|x86 = Debug|x86
		Release|x64 = Release|x64
		Release|x86 = Release|x86
	EndGlobalSection
	GlobalSection(ProjectConfigurationPlatforms) = postSolution
		{104D05DC-ABAE-4922-89B9-7EEE8EE10610}.Debug|x64.ActiveCfg = Debug|x64
		{104D05DC-ABAE-4922-89B9-7EEE8EE10610}.Debug|x64.Build.0 = Debug|x64
		{104D05DC-ABAE-4922-89B9-7EEE8EE10610}.Debug|x86.ActiveCfg = Debug|Win32
		{104D05DC-ABAE-4922-89B9-7EEE8EE10610}.Debug|x86.Build.0 = Debug|Win32
		{104D05DC-ABAE-4922-89B9-7EEE8EE10610}.Release|x64.ActiveCfg = Release|x64
		{104D05DC-ABAE-4922-89B9-7EEE8EE10610}.Release|x64.Build.0 = Release|x64
		{104D05DC-ABAE-4922-89B9-7EEE8EE10610}.Release|x86.ActiveCfg = Release|Win32
		{104D05DC-ABAE-4922-89B9-7EEE8EE10610}.Release|x86.Build.0 = Release|Win32
	EndGlobalSection
	GlobalSection(SolutionProperties) = preSolution
		HideSolutionNode = FALSE
	EndGlobalSection
	GlobalSection(ExtensibilityGlobals) = postSolution
		SolutionGuid = {1BE27823-0AC5-49F0-B7DD-387A3148DAAA}
	EndGlobalSection
EndGlobal
